
Microsoft Visual Studio Solution File, Format Version 12.00
# Visual Studio Version 17
VisualStudioVersion = 17.14.36127.28 d17.14
MinimumVisualStudioVersion = 10.0.40219.1
Project("{8BC9CEB8-8B4A-11D0-8D11-00A0C91BC942}") = "C++ Project", "C++ Project.vcxproj", "{B976B6B2-3530-4D27-8CD1-73C6879F1EEB}"
EndProject
Global
	GlobalSection(SolutionConfigurationPlatforms) = preSolution
		Debug|x64 = Debug|x64
		Debug|x86 = Debug|x86
		Release|x64 = Release|x64
		Release|x86 = Release|x86
	EndGlobalSection
	GlobalSection(ProjectConfigurationPlatforms) = postSolution
		{B976B6B2-3530-4D27-8CD1-73C6879F1EEB}.Debug|x64.ActiveCfg = Debug|x64
		{B976B6B2-3530-4D27-8CD1-73C6879F1EEB}.Debug|x64.Build.0 = Debug|x64
		{B976B6B2-3530-4D27-8CD1-73C6879F1EEB}.Debug|x86.ActiveCfg = Debug|Win32
		{B976B6B2-3530-4D27-8CD1-73C6879F1EEB}.Debug|x86.Build.0 = Debug|Win32
		{B976B6B2-3530-4D27-8CD1-73C6879F1EEB}.Release|x64.ActiveCfg = Release|x64
		{B976B6B2-3530-4D27-8CD1-73C6879F1EEB}.Release|x64.Build.0 = Release|x64
		{B976B6B2-3530-4D27-8CD1-73C6879F1EEB}.Release|x86.ActiveCfg = Release|Win32
		{B976B6B2-3530-4D27-8CD1-73C6879F1EEB}.Release|x86.Build.0 = Release|Win32
	EndGlobalSection
	GlobalSection(SolutionProperties) = preSolution
		HideSolutionNode = FALSE
	EndGlobalSection
	GlobalSection(ExtensibilityGlobals) = postSolution
		SolutionGuid = {4285E334-00A5-4010-95BA-53503A29E91A}
	EndGlobalSection
EndGlobal
